
Microsoft Visual Studio Solution File, Format Version 12.00
Project("{2150E333-8FDC-42A3-9474-1A3956D46DE8}") = "src", "src", "{5B21732E-E69D-4CFC-8EFC-71FE4D3DF885}"
EndProject
Project("{FAE04EC0-301F-11D3-BF4B-00C04F79EFBC}") = "Domain", "Domain\Domain.csproj", "{040C2828-E2E7-48BF-B833-E98556559B63}"
EndProject
Project("{FAE04EC0-301F-11D3-BF4B-00C04F79EFBC}") = "Application", "Application\Application.csproj", "{3324D517-D41D-435C-82F2-544CBA2D3D08}"
EndProject
Project("{FAE04EC0-301F-11D3-BF4B-00C04F79EFBC}") = "Presentation", "Presentation\Presentation.csproj", "{0C001790-604E-4781-8617-326842820CA9}"
EndProject
Project("{FAE04EC0-301F-11D3-BF4B-00C04F79EFBC}") = "Infrastructure", "Infrastructure\Infrastructure.csproj", "{F5F67F7A-1098-4AFC-8DE6-DD0DF968C6C5}"
EndProject
Project("{FAE04EC0-301F-11D3-BF4B-00C04F79EFBC}") = "WebAPI", "WebAPI\WebAPI.csproj", "{597914BF-1F81-4F70-843E-AECF7B5BE320}"
EndProject
Project("{FAE04EC0-301F-11D3-BF4B-00C04F79EFBC}") = "Shared", "Shared\Shared.csproj", "{1F3B9B50-B4CA-41B0-9E66-B11884E0B7E8}"
EndProject
Project("{FAE04EC0-301F-11D3-BF4B-00C04F79EFBC}") = "Contracts", "Contracts\Contracts.csproj", "{29EB84E7-92C7-4733-8E63-2573790B41D1}"
EndProject
Project("{2150E333-8FDC-42A3-9474-1A3956D46DE8}") = "tests", "tests", "{1D3F198B-8E01-4937-851E-650F9A536B74}"
EndProject
Project("{FAE04EC0-301F-11D3-BF4B-00C04F79EFBC}") = "AIMitra.Tests", "AIMitra.Tests\AIMitra.Tests.csproj", "{A64840D1-2477-488A-819C-03253EDB69FF}"
EndProject
Global
	GlobalSection(SolutionConfigurationPlatforms) = preSolution
		Debug|Any CPU = Debug|Any CPU
		Release|Any CPU = Release|Any CPU
	EndGlobalSection
	GlobalSection(NestedProjects) = preSolution
		{040C2828-E2E7-48BF-B833-E98556559B63} = {5B21732E-E69D-4CFC-8EFC-71FE4D3DF885}
		{3324D517-D41D-435C-82F2-544CBA2D3D08} = {5B21732E-E69D-4CFC-8EFC-71FE4D3DF885}
		{0C001790-604E-4781-8617-326842820CA9} = {5B21732E-E69D-4CFC-8EFC-71FE4D3DF885}
		{F5F67F7A-1098-4AFC-8DE6-DD0DF968C6C5} = {5B21732E-E69D-4CFC-8EFC-71FE4D3DF885}
		{597914BF-1F81-4F70-843E-AECF7B5BE320} = {5B21732E-E69D-4CFC-8EFC-71FE4D3DF885}
		{1F3B9B50-B4CA-41B0-9E66-B11884E0B7E8} = {5B21732E-E69D-4CFC-8EFC-71FE4D3DF885}
		{29EB84E7-92C7-4733-8E63-2573790B41D1} = {5B21732E-E69D-4CFC-8EFC-71FE4D3DF885}
		{A64840D1-2477-488A-819C-03253EDB69FF} = {1D3F198B-8E01-4937-851E-650F9A536B74}
	EndGlobalSection
	GlobalSection(ProjectConfigurationPlatforms) = postSolution
		{040C2828-E2E7-48BF-B833-E98556559B63}.Debug|Any CPU.ActiveCfg = Debug|Any CPU
		{040C2828-E2E7-48BF-B833-E98556559B63}.Debug|Any CPU.Build.0 = Debug|Any CPU
		{040C2828-E2E7-48BF-B833-E98556559B63}.Release|Any CPU.ActiveCfg = Release|Any CPU
		{040C2828-E2E7-48BF-B833-E98556559B63}.Release|Any CPU.Build.0 = Release|Any CPU
		{3324D517-D41D-435C-82F2-544CBA2D3D08}.Debug|Any CPU.ActiveCfg = Debug|Any CPU
		{3324D517-D41D-435C-82F2-544CBA2D3D08}.Debug|Any CPU.Build.0 = Debug|Any CPU
		{3324D517-D41D-435C-82F2-544CBA2D3D08}.Release|Any CPU.ActiveCfg = Release|Any CPU
		{3324D517-D41D-435C-82F2-544CBA2D3D08}.Release|Any CPU.Build.0 = Release|Any CPU
		{0C001790-604E-4781-8617-326842820CA9}.Debug|Any CPU.ActiveCfg = Debug|Any CPU
		{0C001790-604E-4781-8617-326842820CA9}.Debug|Any CPU.Build.0 = Debug|Any CPU
		{0C001790-604E-4781-8617-326842820CA9}.Release|Any CPU.ActiveCfg = Release|Any CPU
		{0C001790-604E-4781-8617-326842820CA9}.Release|Any CPU.Build.0 = Release|Any CPU
		{F5F67F7A-1098-4AFC-8DE6-DD0DF968C6C5}.Debug|Any CPU.ActiveCfg = Debug|Any CPU
		{F5F67F7A-1098-4AFC-8DE6-DD0DF968C6C5}.Debug|Any CPU.Build.0 = Debug|Any CPU
		{F5F67F7A-1098-4AFC-8DE6-DD0DF968C6C5}.Release|Any CPU.ActiveCfg = Release|Any CPU
		{F5F67F7A-1098-4AFC-8DE6-DD0DF968C6C5}.Release|Any CPU.Build.0 = Release|Any CPU
		{597914BF-1F81-4F70-843E-AECF7B5BE320}.Debug|Any CPU.ActiveCfg = Debug|Any CPU
		{597914BF-1F81-4F70-843E-AECF7B5BE320}.Debug|Any CPU.Build.0 = Debug|Any CPU
		{597914BF-1F81-4F70-843E-AECF7B5BE320}.Release|Any CPU.ActiveCfg = Release|Any CPU
		{597914BF-1F81-4F70-843E-AECF7B5BE320}.Release|Any CPU.Build.0 = Release|Any CPU
		{1F3B9B50-B4CA-41B0-9E66-B11884E0B7E8}.Debug|Any CPU.ActiveCfg = Debug|Any CPU
		{1F3B9B50-B4CA-41B0-9E66-B11884E0B7E8}.Debug|Any CPU.Build.0 = Debug|Any CPU
		{1F3B9B50-B4CA-41B0-9E66-B11884E0B7E8}.Release|Any CPU.ActiveCfg = Release|Any CPU
		{1F3B9B50-B4CA-41B0-9E66-B11884E0B7E8}.Release|Any CPU.Build.0 = Release|Any CPU
		{29EB84E7-92C7-4733-8E63-2573790B41D1}.Debug|Any CPU.ActiveCfg = Debug|Any CPU
		{29EB84E7-92C7-4733-8E63-2573790B41D1}.Debug|Any CPU.Build.0 = Debug|Any CPU
		{29EB84E7-92C7-4733-8E63-2573790B41D1}.Release|Any CPU.ActiveCfg = Release|Any CPU
		{29EB84E7-92C7-4733-8E63-2573790B41D1}.Release|Any CPU.Build.0 = Release|Any CPU
		{A64840D1-2477-488A-819C-03253EDB69FF}.Debug|Any CPU.ActiveCfg = Debug|Any CPU
		{A64840D1-2477-488A-819C-03253EDB69FF}.Debug|Any CPU.Build.0 = Debug|Any CPU
		{A64840D1-2477-488A-819C-03253EDB69FF}.Release|Any CPU.ActiveCfg = Release|Any CPU
		{A64840D1-2477-488A-819C-03253EDB69FF}.Release|Any CPU.Build.0 = Release|Any CPU
	EndGlobalSection
EndGlobal
